
Microsoft Visual Studio Solution File, Format Version 12.00
# Visual Studio 15
VisualStudioVersion = 15.0.27703.2018
MinimumVisualStudioVersion = 10.0.40219.1
Project("{FAE04EC0-301F-11D3-BF4B-00C04F79EFBC}") = "UiPathTeam.File.Compression", "UiPathTeam.File.Compression\UiPathTeam.File.Compression.csproj", "{367C6247-6C36-4996-94D1-F18B16070AD5}"
EndProject
Global
	GlobalSection(SolutionConfigurationPlatforms) = preSolution
		Debug|Any CPU = Debug|Any CPU
		Release|Any CPU = Release|Any CPU
	EndGlobalSection
	GlobalSection(ProjectConfigurationPlatforms) = postSolution
		{367C6247-6C36-4996-94D1-F18B16070AD5}.Debug|Any CPU.ActiveCfg = Debug|Any CPU
		{367C6247-6C36-4996-94D1-F18B16070AD5}.Debug|Any CPU.Build.0 = Debug|Any CPU
		{367C6247-6C36-4996-94D1-F18B16070AD5}.Release|Any CPU.ActiveCfg = Release|Any CPU
		{367C6247-6C36-4996-94D1-F18B16070AD5}.Release|Any CPU.Build.0 = Release|Any CPU
	EndGlobalSection
	GlobalSection(SolutionProperties) = preSolution
		HideSolutionNode = FALSE
	EndGlobalSection
	GlobalSection(ExtensibilityGlobals) = postSolution
		SolutionGuid = {B46667E7-913D-4279-B6D2-276476970346}
	EndGlobalSection
EndGlobal
